
Microsoft Visual Studio Solution File, Format Version 12.00
# Visual Studio Version 16
VisualStudioVersion = 16.0.29306.81
MinimumVisualStudioVersion = 10.0.40219.1
Project("{FAE04EC0-301F-11D3-BF4B-00C04F79EFBC}") = "CS_mouseColor", "CS_mouseColor\CS_mouseColor.csproj", "{674DB0A8-C9C5-45F3-86F7-168FE2B1171F}"
EndProject
Project("{FAE04EC0-301F-11D3-BF4B-00C04F79EFBC}") = "Wpf_MouseColor", "Wpf_MouseColor\Wpf_MouseColor.csproj", "{094761A9-147F-43C0-BCCC-AF489B717680}"
EndProject
Global
	GlobalSection(SolutionConfigurationPlatforms) = preSolution
		Debug|Any CPU = Debug|Any CPU
		Release|Any CPU = Release|Any CPU
	EndGlobalSection
	GlobalSection(ProjectConfigurationPlatforms) = postSolution
		{674DB0A8-C9C5-45F3-86F7-168FE2B1171F}.Debug|Any CPU.ActiveCfg = Debug|Any CPU
		{674DB0A8-C9C5-45F3-86F7-168FE2B1171F}.Debug|Any CPU.Build.0 = Debug|Any CPU
		{674DB0A8-C9C5-45F3-86F7-168FE2B1171F}.Release|Any CPU.ActiveCfg = Release|Any CPU
		{674DB0A8-C9C5-45F3-86F7-168FE2B1171F}.Release|Any CPU.Build.0 = Release|Any CPU
		{094761A9-147F-43C0-BCCC-AF489B717680}.Debug|Any CPU.ActiveCfg = Debug|Any CPU
		{094761A9-147F-43C0-BCCC-AF489B717680}.Debug|Any CPU.Build.0 = Debug|Any CPU
		{094761A9-147F-43C0-BCCC-AF489B717680}.Release|Any CPU.ActiveCfg = Release|Any CPU
		{094761A9-147F-43C0-BCCC-AF489B717680}.Release|Any CPU.Build.0 = Release|Any CPU
	EndGlobalSection
	GlobalSection(SolutionProperties) = preSolution
		HideSolutionNode = FALSE
	EndGlobalSection
	GlobalSection(ExtensibilityGlobals) = postSolution
		SolutionGuid = {2BE5D9B0-6202-4592-AE91-80BB9CAAFB0E}
	EndGlobalSection
EndGlobal
